// !$*UTF8*$!
{
	archiveVersion = 1;
	classes = {
	};
	objectVersion = 46;
	objects = {

/* Begin PBXBuildFile section */
		6A447D6A1CF2A99D0071383D /* main.m in Sources */ = {isa = PBXBuildFile; fileRef = 6A447D691CF2A99D0071383D /* main.m */; };
		6A447D6D1CF2A99D0071383D /* AppDelegate.m in Sources */ = {isa = PBXBuildFile; fileRef = 6A447D6C1CF2A99D0071383D /* AppDelegate.m */; };
		6A447D701CF2A99D0071383D /* ViewController.m in Sources */ = {isa = PBXBuildFile; fileRef = 6A447D6F1CF2A99D0071383D /* ViewController.m */; };
		6A447D731CF2A99D0071383D /* Main.storyboard in Resources */ = {isa = PBXBuildFile; fileRef = 6A447D711CF2A99D0071383D /* Main.storyboard */; };
		6A447D751CF2A99D0071383D /* Assets.xcassets in Resources */ = {isa = PBXBuildFile; fileRef = 6A447D741CF2A99D0071383D /* Assets.xcassets */; };
		6A447D781CF2A99D0071383D /* LaunchScreen.storyboard in Resources */ = {isa = PBXBuildFile; fileRef = 6A447D761CF2A99D0071383D /* LaunchScreen.storyboard */; };
		6A447D831CF2A99D0071383D /* GitTests.m in Sources */ = {isa = PBXBuildFile; fileRef = 6A447D821CF2A99D0071383D /* GitTests.m */; };
		6A447D8E1CF2A99D0071383D /* GitUITests.m in Sources */ = {isa = PBXBuildFile; fileRef = 6A447D8D1CF2A99D0071383D /* GitUITests.m */; };
/* End PBXBuildFile section */

/* Begin PBXContainerItemProxy section */
		6A447D7F1CF2A99D0071383D /* PBXContainerItemProxy */ = {
			isa = PBXContainerItemProxy;
			containerPortal = 6A447D5D1CF2A99D0071383D /* Project object */;
			proxyType = 1;
			remoteGlobalIDString = 6A447D641CF2A99D0071383D;
			remoteInfo = Git;
		};
		6A447D8A1CF2A99D0071383D /* PBXContainerItemProxy */ = {
			isa = PBXContainerItemProxy;
			containerPortal = 6A447D5D1CF2A99D0071383D /* Project object */;
			proxyType = 1;
			remoteGlobalIDString = 6A447D641CF2A99D0071383D;
			remoteInfo = Git;
		};
/* End PBXContainerItemProxy section */

/* Begin PBXFileReference section */
		6A447D651CF2A99D0071383D /* Git.app */ = {isa = PBXFileReference; explicitFileType = wrapper.application; includeInIndex = 0; path = Git.app; sourceTree = BUILT_PRODUCTS_DIR; };
		6A447D691CF2A99D0071383D /* main.m */ = {isa = PBXFileReference; lastKnownFileType = sourcecode.c.objc; path = main.m; sourceTree = "<group>"; };
		6A447D6B1CF2A99D0071383D /* AppDelegate.h */ = {isa = PBXFileReference; lastKnownFileType = sourcecode.c.h; path = AppDelegate.h; sourceTree = "<group>"; };
		6A447D6C1CF2A99D0071383D /* AppDelegate.m */ = {isa = PBXFileReference; lastKnownFileType = sourcecode.c.objc; path = AppDelegate.m; sourceTree = "<group>"; };
		6A447D6E1CF2A99D0071383D /* ViewController.h */ = {isa = PBXFileReference; lastKnownFileType = sourcecode.c.h; path = ViewController.h; sourceTree = "<group>"; };
		6A447D6F1CF2A99D0071383D /* ViewController.m */ = {isa = PBXFileReference; lastKnownFileType = sourcecode.c.objc; path = ViewController.m; sourceTree = "<group>"; };
		6A447D721CF2A99D0071383D /* Base */ = {isa = PBXFileReference; lastKnownFileType = file.storyboard; name = Base; path = Base.lproj/Main.storyboard; sourceTree = "<group>"; };
		6A447D741CF2A99D0071383D /* Assets.xcassets */ = {isa = PBXFileReference; lastKnownFileType = folder.assetcatalog; path = Assets.xcassets; sourceTree = "<group>"; };
		6A447D771CF2A99D0071383D /* Base */ = {isa = PBXFileReference; lastKnownFileType = file.storyboard; name = Base; path = Base.lproj/LaunchScreen.storyboard; sourceTree = "<group>"; };
		6A447D791CF2A99D0071383D /* Info.plist */ = {isa = PBXFileReference; lastKnownFileType = text.plist.xml; path = Info.plist; sourceTree = "<group>"; };
		6A447D7E1CF2A99D0071383D /* GitTests.xctest */ = {isa = PBXFileReference; explicitFileType = wrapper.cfbundle; includeInIndex = 0; path = GitTests.xctest; sourceTree = BUILT_PRODUCTS_DIR; };
		6A447D821CF2A99D0071383D /* GitTests.m */ = {isa = PBXFileReference; lastKnownFileType = sourcecode.c.objc; path = GitTests.m; sourceTree = "<group>"; };
		6A447D841CF2A99D0071383D /* Info.plist */ = {isa = PBXFileReference; lastKnownFileType = text.plist.xml; path = Info.plist; sourceTree = "<group>"; };
		6A447D891CF2A99D0071383D /* GitUITests.xctest */ = {isa = PBXFileReference; explicitFileType = wrapper.cfbundle; includeInIndex = 0; path = GitUITests.xctest; sourceTree = BUILT_PRODUCTS_DIR; };
		6A447D8D1CF2A99D0071383D /* GitUITests.m */ = {isa = PBXFileReference; lastKnownFileType = sourcecode.c.objc; path = GitUITests.m; sourceTree = "<group>"; };
		6A447D8F1CF2A99D0071383D /* Info.plist */ = {isa = PBXFileReference; lastKnownFileType = text.plist.xml; path = Info.plist; sourceTree = "<group>"; };
/* End PBXFileReference section */

/* Begin PBXFrameworksBuildPhase section */
		6A447D621CF2A99D0071383D /* Frameworks */ = {
			isa = PBXFrameworksBuildPhase;
			buildActionMask = 2147483647;
			files = (
			);
			runOnlyForDeploymentPostprocessing = 0;
		};
		6A447D7B1CF2A99D0071383D /* Frameworks */ = {
			isa = PBXFrameworksBuildPhase;
			buildActionMask = 2147483647;
			files = (
			);
			runOnlyForDeploymentPostprocessing = 0;
		};
		6A447D861CF2A99D0071383D /* Frameworks */ = {
			isa = PBXFrameworksBuildPhase;
			buildActionMask = 2147483647;
			files = (
			);
			runOnlyForDeploymentPostprocessing = 0;
		};
/* End PBXFrameworksBuildPhase section */

/* Begin PBXGroup section */
		6A447D5C1CF2A99D0071383D = {
			isa = PBXGroup;
			children = (
				6A447D671CF2A99D0071383D /* Git */,
				6A447D811CF2A99D0071383D /* GitTests */,
				6A447D8C1CF2A99D0071383D /* GitUITests */,
				6A447D661CF2A99D0071383D /* Products */,
			);
			sourceTree = "<group>";
		};
		6A447D661CF2A99D0071383D /* Products */ = {
			isa = PBXGroup;
			children = (
				6A447D651CF2A99D0071383D /* Git.app */,
				6A447D7E1CF2A99D0071383D /* GitTests.xctest */,
				6A447D891CF2A99D0071383D /* GitUITests.xctest */,
			);
			name = Products;
			sourceTree = "<group>";
		};
		6A447D671CF2A99D0071383D /* Git */ = {
			isa = PBXGroup;
			children = (
				6A447D6B1CF2A99D0071383D /* AppDelegate.h */,
				6A447D6C1CF2A99D0071383D /* AppDelegate.m */,
				6A447D6E1CF2A99D0071383D /* ViewController.h */,
				6A447D6F1CF2A99D0071383D /* ViewController.m */,
				6A447D711CF2A99D0071383D /* Main.storyboard */,
				6A447D741CF2A99D0071383D /* Assets.xcassets */,
				6A447D761CF2A99D0071383D /* LaunchScreen.storyboard */,
				6A447D791CF2A99D0071383D /* Info.plist */,
				6A447D681CF2A99D0071383D /* Supporting Files */,
			);
			path = Git;
			sourceTree = "<group>";
		};
		6A447D681CF2A99D0071383D /* Supporting Files */ = {
			isa = PBXGroup;
			children = (
				6A447D691CF2A99D0071383D /* main.m */,
			);
			name = "Supporting Files";
			sourceTree = "<group>";
		};
		6A447D811CF2A99D0071383D /* GitTests */ = {
			isa = PBXGroup;
			children = (
				6A447D821CF2A99D0071383D /* GitTests.m */,
				6A447D841CF2A99D0071383D /* Info.plist */,
			);
			path = GitTests;
			sourceTree = "<group>";
		};
		6A447D8C1CF2A99D0071383D /* GitUITests */ = {
			isa = PBXGroup;
			children = (
				6A447D8D1CF2A99D0071383D /* GitUITests.m */,
				6A447D8F1CF2A99D0071383D /* Info.plist */,
			);
			path = GitUITests;
			sourceTree = "<group>";
		};
/* End PBXGroup section */

/* Begin PBXNativeTarget section */
		6A447D641CF2A99D0071383D /* Git */ = {
			isa = PBXNativeTarget;
			buildConfigurationList = 6A447D921CF2A99D0071383D /* Build configuration list for PBXNativeTarget "Git" */;
			buildPhases = (
				6A447D611CF2A99D0071383D /* Sources */,
				6A447D621CF2A99D0071383D /* Frameworks */,
				6A447D631CF2A99D0071383D /* Resources */,
			);
			buildRules = (
			);
			dependencies = (
			);
			name = Git;
			productName = Git;
			productReference = 6A447D651CF2A99D0071383D /* Git.app */;
			productType = "com.apple.product-type.application";
		};
		6A447D7D1CF2A99D0071383D /* GitTests */ = {
			isa = PBXNativeTarget;
			buildConfigurationList = 6A447D951CF2A99D0071383D /* Build configuration list for PBXNativeTarget "GitTests" */;
			buildPhases = (
				6A447D7A1CF2A99D0071383D /* Sources */,
				6A447D7B1CF2A99D0071383D /* Frameworks */,
				6A447D7C1CF2A99D0071383D /* Resources */,
			);
			buildRules = (
			);
			dependencies = (
				6A447D801CF2A99D0071383D /* PBXTargetDependency */,
			);
			name = GitTests;
			productName = GitTests;
			productReference = 6A447D7E1CF2A99D0071383D /* GitTests.xctest */;
			productType = "com.apple.product-type.bundle.unit-test";
		};
		6A447D881CF2A99D0071383D /* GitUITests */ = {
			isa = PBXNativeTarget;
			buildConfigurationList = 6A447D981CF2A99D0071383D /* Build configuration list for PBXNativeTarget "GitUITests" */;
			buildPhases = (
				6A447D851CF2A99D0071383D /* Sources */,
				6A447D861CF2A99D0071383D /* Frameworks */,
				6A447D871CF2A99D0071383D /* Resources */,
			);
			buildRules = (
			);
			dependencies = (
				6A447D8B1CF2A99D0071383D /* PBXTargetDependency */,
			);
			name = GitUITests;
			productName = GitUITests;
			productReference = 6A447D891CF2A99D0071383D /* GitUITests.xctest */;
			productType = "com.apple.product-type.bundle.ui-testing";
		};
/* End PBXNativeTarget section */

/* Begin PBXProject section */
		6A447D5D1CF2A99D0071383D /* Project object */ = {
			isa = PBXProject;
			attributes = {
				LastUpgradeCheck = 0730;
				ORGANIZATIONNAME = PuHuiFinancial;
				TargetAttributes = {
					6A447D641CF2A99D0071383D = {
						CreatedOnToolsVersion = 7.3.1;
						DevelopmentTeam = U85H9P7AZN;
					};
					6A447D7D1CF2A99D0071383D = {
						CreatedOnToolsVersion = 7.3.1;
						DevelopmentTeam = U85H9P7AZN;
						TestTargetID = 6A447D641CF2A99D0071383D;
					};
					6A447D881CF2A99D0071383D = {
						CreatedOnToolsVersion = 7.3.1;
						DevelopmentTeam = U85H9P7AZN;
						TestTargetID = 6A447D641CF2A99D0071383D;
					};
				};
			};
			buildConfigurationList = 6A447D601CF2A99D0071383D /* Build configuration list for PBXProject "Git" */;
			compatibilityVersion = "Xcode 3.2";
			developmentRegion = English;
			hasScannedForEncodings = 0;
			knownRegions = (
				en,
				Base,
			);
			mainGroup = 6A447D5C1CF2A99D0071383D;
			productRefGroup = 6A447D661CF2A99D0071383D /* Products */;
			projectDirPath = "";
			projectRoot = "";
			targets = (
				6A447D641CF2A99D0071383D /* Git */,
				6A447D7D1CF2A99D0071383D /* GitTests */,
				6A447D881CF2A99D0071383D /* GitUITests */,
			);
		};
/* End PBXProject section */

/* Begin PBXResourcesBuildPhase section */
		6A447D631CF2A99D0071383D /* Resources */ = {
			isa = PBXResourcesBuildPhase;
			buildActionMask = 2147483647;
			files = (
				6A447D781CF2A99D0071383D /* LaunchScreen.storyboard in Resources */,
				6A447D751CF2A99D0071383D /* Assets.xcassets in Resources */,
				6A447D731CF2A99D0071383D /* Main.storyboard in Resources */,
			);
			runOnlyForDeploymentPostprocessing = 0;
		};
		6A447D7C1CF2A99D0071383D /* Resources */ = {
			isa = PBXResourcesBuildPhase;
			buildActionMask = 2147483647;
			files = (
			);
			runOnlyForDeploymentPostprocessing = 0;
		};
		6A447D871CF2A99D0071383D /* Resources */ = {
			isa = PBXResourcesBuildPhase;
			buildActionMask = 2147483647;
			files = (
			);
			runOnlyForDeploymentPostprocessing = 0;
		};
/* End PBXResourcesBuildPhase section */

/* Begin PBXSourcesBuildPhase section */
		6A447D611CF2A99D0071383D /* Sources */ = {
			isa = PBXSourcesBuildPhase;
			buildActionMask = 2147483647;
			files = (
				6A447D701CF2A99D0071383D /* ViewController.m in Sources */,
				6A447D6D1CF2A99D0071383D /* AppDelegate.m in Sources */,
				6A447D6A1CF2A99D0071383D /* main.m in Sources */,
			);
			runOnlyForDeploymentPostprocessing = 0;
		};
		6A447D7A1CF2A99D0071383D /* Sources */ = {
			isa = PBXSourcesBuildPhase;
			buildActionMask = 2147483647;
			files = (
				6A447D831CF2A99D0071383D /* GitTests.m in Sources */,
			);
			runOnlyForDeploymentPostprocessing = 0;
		};
		6A447D851CF2A99D0071383D /* Sources */ = {
			isa = PBXSourcesBuildPhase;
			buildActionMask = 2147483647;
			files = (
				6A447D8E1CF2A99D0071383D /* GitUITests.m in Sources */,
			);
			runOnlyForDeploymentPostprocessing = 0;
		};
/* End PBXSourcesBuildPhase section */

/* Begin PBXTargetDependency section */
		6A447D801CF2A99D0071383D /* PBXTargetDependency */ = {
			isa = PBXTargetDependency;
			target = 6A447D641CF2A99D0071383D /* Git */;
			targetProxy = 6A447D7F1CF2A99D0071383D /* PBXContainerItemProxy */;
		};
		6A447D8B1CF2A99D0071383D /* PBXTargetDependency */ = {
			isa = PBXTargetDependency;
			target = 6A447D641CF2A99D0071383D /* Git */;
			targetProxy = 6A447D8A1CF2A99D0071383D /* PBXContainerItemProxy */;
		};
/* End PBXTargetDependency section */

/* Begin PBXVariantGroup section */
		6A447D711CF2A99D0071383D /* Main.storyboard */ = {
			isa = PBXVariantGroup;
			children = (
				6A447D721CF2A99D0071383D /* Base */,
			);
			name = Main.storyboard;
			sourceTree = "<group>";
		};
		6A447D761CF2A99D0071383D /* LaunchScreen.storyboard */ = {
			isa = PBXVariantGroup;
			children = (
				6A447D771CF2A99D0071383D /* Base */,
			);
			name = LaunchScreen.storyboard;
			sourceTree = "<group>";
		};
/* End PBXVariantGroup section */

/* Begin XCBuildConfiguration section */
		6A447D901CF2A99D0071383D /* Debug */ = {
			isa = XCBuildConfiguration;
			buildSettings = {
				ALWAYS_SEARCH_USER_PATHS = NO;
				CLANG_ANALYZER_NONNULL = YES;
				CLANG_CXX_LANGUAGE_STANDARD = "gnu++0x";
				CLANG_CXX_LIBRARY = "libc++";
				CLANG_ENABLE_MODULES = YES;
				CLANG_ENABLE_OBJC_ARC = YES;
				CLANG_WARN_BOOL_CONVERSION = YES;
				CLANG_WARN_CONSTANT_CONVERSION = YES;
				CLANG_WARN_DIRECT_OBJC_ISA_USAGE = YES_ERROR;
				CLANG_WARN_EMPTY_BODY = YES;
				CLANG_WARN_ENUM_CONVERSION = YES;
				CLANG_WARN_INT_CONVERSION = YES;
				CLANG_WARN_OBJC_ROOT_CLASS = YES_ERROR;
				CLANG_WARN_UNREACHABLE_CODE = YES;
				CLANG_WARN__DUPLICATE_METHOD_MATCH = YES;
				"CODE_SIGN_IDENTITY[sdk=iphoneos*]" = "iPhone Developer";
				COPY_PHASE_STRIP = NO;
				DEBUG_INFORMATION_FORMAT = dwarf;
				ENABLE_STRICT_OBJC_MSGSEND = YES;
				ENABLE_TESTABILITY = YES;
				GCC_C_LANGUAGE_STANDARD = gnu99;
				GCC_DYNAMIC_NO_PIC = NO;
				GCC_NO_COMMON_BLOCKS = YES;
				GCC_OPTIMIZATION_LEVEL = 0;
				GCC_PREPROCESSOR_DEFINITIONS = (
					"DEBUG=1",
					"$(inherited)",
				);
				GCC_WARN_64_TO_32_BIT_CONVERSION = YES;
				GCC_WARN_ABOUT_RETURN_TYPE = YES_ERROR;
				GCC_WARN_UNDECLARED_SELECTOR = YES;
				GCC_WARN_UNINITIALIZED_AUTOS = YES_AGGRESSIVE;
				GCC_WARN_UNUSED_FUNCTION = YES;
				GCC_WARN_UNUSED_VARIABLE = YES;
				IPHONEOS_DEPLOYMENT_TARGET = 9.3;
				MTL_ENABLE_DEBUG_INFO = YES;
				ONLY_ACTIVE_ARCH = YES;
				SDKROOT = iphoneos;
			};
			name = Debug;
		};
		6A447D911CF2A99D0071383D /* Release */ = {
			isa = XCBuildConfiguration;
			buildSettings = {
				ALWAYS_SEARCH_USER_PATHS = NO;
				CLANG_ANALYZER_NONNULL = YES;
				CLANG_CXX_LANGUAGE_STANDARD = "gnu++0x";
				CLANG_CXX_LIBRARY = "libc++";
				CLANG_ENABLE_MODULES = YES;
				CLANG_ENABLE_OBJC_ARC = YES;
				CLANG_WARN_BOOL_CONVERSION = YES;
				CLANG_WARN_CONSTANT_CONVERSION = YES;
				CLANG_WARN_DIRECT_OBJC_ISA_USAGE = YES_ERROR;
				CLANG_WARN_EMPTY_BODY = YES;
				CLANG_WARN_ENUM_CONVERSION = YES;
				CLANG_WARN_INT_CONVERSION = YES;
				CLANG_WARN_OBJC_ROOT_CLASS = YES_ERROR;
				CLANG_WARN_UNREACHABLE_CODE = YES;
				CLANG_WARN__DUPLICATE_METHOD_MATCH = YES;
				"CODE_SIGN_IDENTITY[sdk=iphoneos*]" = "iPhone Developer";
				COPY_PHASE_STRIP = NO;
				DEBUG_INFORMATION_FORMAT = "dwarf-with-dsym";
				ENABLE_NS_ASSERTIONS = NO;
				ENABLE_STRICT_OBJC_MSGSEND = YES;
				GCC_C_LANGUAGE_STANDARD = gnu99;
				GCC_NO_COMMON_BLOCKS = YES;
				GCC_WARN_64_TO_32_BIT_CONVERSION = YES;
				GCC_WARN_ABOUT_RETURN_TYPE = YES_ERROR;
				GCC_WARN_UNDECLARED_SELECTOR = YES;
				GCC_WARN_UNINITIALIZED_AUTOS = YES_AGGRESSIVE;
				GCC_WARN_UNUSED_FUNCTION = YES;
				GCC_WARN_UNUSED_VARIABLE = YES;
				IPHONEOS_DEPLOYMENT_TARGET = 9.3;
				MTL_ENABLE_DEBUG_INFO = NO;
				SDKROOT = iphoneos;
				VALIDATE_PRODUCT = YES;
			};
			name = Release;
		};
		6A447D931CF2A99D0071383D /* Debug */ = {
			isa = XCBuildConfiguration;
			buildSettings = {
				ASSETCATALOG_COMPILER_APPICON_NAME = AppIcon;
				INFOPLIST_FILE = Git/Info.plist;
				LD_RUNPATH_SEARCH_PATHS = "$(inherited) @executable_path/Frameworks";
				PRODUCT_BUNDLE_IDENTIFIER = ph.com.Git;
				PRODUCT_NAME = "$(TARGET_NAME)";
			};
			name = Debug;
		};
		6A447D941CF2A99D0071383D /* Release */ = {
			isa = XCBuildConfiguration;
			buildSettings = {
				ASSETCATALOG_COMPILER_APPICON_NAME = AppIcon;
				INFOPLIST_FILE = Git/Info.plist;
				LD_RUNPATH_SEARCH_PATHS = "$(inherited) @executable_path/Frameworks";
				PRODUCT_BUNDLE_IDENTIFIER = ph.com.Git;
				PRODUCT_NAME = "$(TARGET_NAME)";
			};
			name = Release;
		};
		6A447D961CF2A99D0071383D /* Debug */ = {
			isa = XCBuildConfiguration;
			buildSettings = {
				BUNDLE_LOADER = "$(TEST_HOST)";
				INFOPLIST_FILE = GitTests/Info.plist;
				LD_RUNPATH_SEARCH_PATHS = "$(inherited) @executable_path/Frameworks @loader_path/Frameworks";
				PRODUCT_BUNDLE_IDENTIFIER = ph.com.GitTests;
				PRODUCT_NAME = "$(TARGET_NAME)";
				TEST_HOST = "$(BUILT_PRODUCTS_DIR)/Git.app/Git";
			};
			name = Debug;
		};
		6A447D971CF2A99D0071383D /* Release */ = {
			isa = XCBuildConfiguration;
			buildSettings = {
				BUNDLE_LOADER = "$(TEST_HOST)";
				INFOPLIST_FILE = GitTests/Info.plist;
				LD_RUNPATH_SEARCH_PATHS = "$(inherited) @executable_path/Frameworks @loader_path/Frameworks";
				PRODUCT_BUNDLE_IDENTIFIER = ph.com.GitTests;
				PRODUCT_NAME = "$(TARGET_NAME)";
				TEST_HOST = "$(BUILT_PRODUCTS_DIR)/Git.app/Git";
			};
			name = Release;
		};
		6A447D991CF2A99D0071383D /* Debug */ = {
			isa = XCBuildConfiguration;
			buildSettings = {
				INFOPLIST_FILE = GitUITests/Info.plist;
				LD_RUNPATH_SEARCH_PATHS = "$(inherited) @executable_path/Frameworks @loader_path/Frameworks";
				PRODUCT_BUNDLE_IDENTIFIER = ph.com.GitUITests;
				PRODUCT_NAME = "$(TARGET_NAME)";
				TEST_TARGET_NAME = Git;
			};
			name = Debug;
		};
		6A447D9A1CF2A99D0071383D /* Release */ = {
			isa = XCBuildConfiguration;
			buildSettings = {
				INFOPLIST_FILE = GitUITests/Info.plist;
				LD_RUNPATH_SEARCH_PATHS = "$(inherited) @executable_path/Frameworks @loader_path/Frameworks";
				PRODUCT_BUNDLE_IDENTIFIER = ph.com.GitUITests;
				PRODUCT_NAME = "$(TARGET_NAME)";
				TEST_TARGET_NAME = Git;
			};
			name = Release;
		};
/* End XCBuildConfiguration section */

/* Begin XCConfigurationList section */
		6A447D601CF2A99D0071383D /* Build configuration list for PBXProject "Git" */ = {
			isa = XCConfigurationList;
			buildConfigurations = (
				6A447D901CF2A99D0071383D /* Debug */,
				6A447D911CF2A99D0071383D /* Release */,
			);
			defaultConfigurationIsVisible = 0;
			defaultConfigurationName = Release;
		};
		6A447D921CF2A99D0071383D /* Build configuration list for PBXNativeTarget "Git" */ = {
			isa = XCConfigurationList;
			buildConfigurations = (
				6A447D931CF2A99D0071383D /* Debug */,
				6A447D941CF2A99D0071383D /* Release */,
			);
			defaultConfigurationIsVisible = 0;
		};
		6A447D951CF2A99D0071383D /* Build configuration list for PBXNativeTarget "GitTests" */ = {
			isa = XCConfigurationList;
			buildConfigurations = (
				6A447D961CF2A99D0071383D /* Debug */,
				6A447D971CF2A99D0071383D /* Release */,
			);
			defaultConfigurationIsVisible = 0;
		};
		6A447D981CF2A99D0071383D /* Build configuration list for PBXNativeTarget "GitUITests" */ = {
			isa = XCConfigurationList;
			buildConfigurations = (
				6A447D991CF2A99D0071383D /* Debug */,
				6A447D9A1CF2A99D0071383D /* Release */,
			);
			defaultConfigurationIsVisible = 0;
		};
/* End XCConfigurationList section */
	};
	rootObject = 6A447D5D1CF2A99D0071383D /* Project object */;
}
